{
  "originHash" : "6f19fe5e4306ccb15e8f50934ee8f07dda96ce53dd8514503ba400b9e12c97de",
  "pins" : [
    {
      "identity" : "sdwebimage",
      "kind" : "remoteSourceControl",
      "location" : "https://github.com/SDWebImage/SDWebImage",
      "state" : {
        "revision" : "5191b801aca999b704eb93f118f91468b4570571",
        "version" : "5.19.6"
      }
    },
    {
      "identity" : "sdwebimageswiftui",
      "kind" : "remoteSourceControl",
      "location" : "https://github.com/SDWebImage/SDWebImageSwiftUI.git",
      "state" : {
        "revision" : "5d462f7530677ae0c2b9510c26383aa25ba48751",
        "version" : "3.1.1"
      }
    },
    {
      "identity" : "securepropertystorage",
      "kind" : "remoteSourceControl",
      "location" : "https://github.com/alexruperez/SecurePropertyStorage",
      "state" : {
        "revision" : "c4dba4305ba1bd32c0fe122023462c094d81742f",
        "version" : "0.7.1"
      }
    }
  ],
  "version" : 3
}
